
Microsoft Visual Studio Solution File, Format Version 12.00
# Visual Studio Version 17
VisualStudioVersion = 17.0.32112.339
MinimumVisualStudioVersion = 10.0.40219.1
Project("{FAE04EC0-301F-11D3-BF4B-00C04F79EFBC}") = "FileReader", "FileReader\FileReader.csproj", "{F463AD2C-112D-4CE7-8848-E558F8A2174C}"
EndProject
Global
	GlobalSection(SolutionConfigurationPlatforms) = preSolution
		Debug|Any CPU = Debug|Any CPU
		Release|Any CPU = Release|Any CPU
	EndGlobalSection
	GlobalSection(ProjectConfigurationPlatforms) = postSolution
		{F463AD2C-112D-4CE7-8848-E558F8A2174C}.Debug|Any CPU.ActiveCfg = Debug|Any CPU
		{F463AD2C-112D-4CE7-8848-E558F8A2174C}.Debug|Any CPU.Build.0 = Debug|Any CPU
		{F463AD2C-112D-4CE7-8848-E558F8A2174C}.Release|Any CPU.ActiveCfg = Release|Any CPU
		{F463AD2C-112D-4CE7-8848-E558F8A2174C}.Release|Any CPU.Build.0 = Release|Any CPU
	EndGlobalSection
	GlobalSection(SolutionProperties) = preSolution
		HideSolutionNode = FALSE
	EndGlobalSection
	GlobalSection(ExtensibilityGlobals) = postSolution
		SolutionGuid = {3FE2AE8F-FC46-47E4-9984-8CBD1956790F}
	EndGlobalSection
EndGlobal
